
Microsoft Visual Studio Solution File, Format Version 12.00
# Visual Studio 15
VisualStudioVersion = 15.0.27703.2026
MinimumVisualStudioVersion = 10.0.40219.1
Project("{2150E333-8FDC-42A3-9474-1A3956D46DE8}") = "GUIs", "GUIs", "{0C3D85BE-ABDE-420E-A26B-FACBDC22AAB3}"
EndProject
Project("{2150E333-8FDC-42A3-9474-1A3956D46DE8}") = "Helper", "Helper", "{18494D61-D66F-4868-9D38-A06CBCEA6399}"
EndProject
Project("{2150E333-8FDC-42A3-9474-1A3956D46DE8}") = "Reductions", "Reductions", "{D1B9159B-E64C-4048-B517-9E3D446142AC}"
EndProject
Project("{9A19103F-16F7-4668-BE54-9A1E7A4F7556}") = "ParseLib", "Helper\ParseLib\ParseLib.csproj", "{27E25748-13CE-4482-B5D2-21BE13D15231}"
EndProject
Project("{FAE04EC0-301F-11D3-BF4B-00C04F79EFBC}") = "HarryPlotter", "Helper\HarryPlotter\HarryPlotter.csproj", "{B1239B8B-1A27-4DB8-8A66-EAC760A9E9DB}"
EndProject
Project("{FAE04EC0-301F-11D3-BF4B-00C04F79EFBC}") = "GraphDraw", "GUIs\GraphDraw\GraphDraw.csproj", "{F4CF3EA9-AC7A-40DA-A363-72E5FE9A6A27}"
EndProject
Project("{FAE04EC0-301F-11D3-BF4B-00C04F79EFBC}") = "SATSolver", "GUIs\SATSolver\SATSolver.csproj", "{7481C7B5-9F77-46D8-AB56-D4B119AFD815}"
EndProject
Project("{FAE04EC0-301F-11D3-BF4B-00C04F79EFBC}") = "TuringMachine", "GUIs\TuringMachine\TuringMachine.csproj", "{6D77A7AC-4BC4-4F44-97AA-D0EEB7EF738F}"
EndProject
Project("{2150E333-8FDC-42A3-9474-1A3956D46DE8}") = "Problems", "Problems", "{9BEC50E9-5221-4E25-B514-EE4FCC54DE30}"
EndProject
Project("{FAE04EC0-301F-11D3-BF4B-00C04F79EFBC}") = "3COL", "Problems\3COL\3COL.csproj", "{C47BA02C-DAC8-4F96-919F-37E503DD9687}"
EndProject
Project("{FAE04EC0-301F-11D3-BF4B-00C04F79EFBC}") = "Clique", "Problems\Clique\Clique.csproj", "{86E09221-2F39-4688-AD41-A840A3E7B1C5}"
EndProject
Project("{FAE04EC0-301F-11D3-BF4B-00C04F79EFBC}") = "GG", "Problems\GG\GG.csproj", "{BC015172-6001-4A07-A58C-2E54E5E3B901}"
EndProject
Project("{FAE04EC0-301F-11D3-BF4B-00C04F79EFBC}") = "IndipendentSet", "Problems\IndipendentSet\IndipendentSet.csproj", "{A304920C-1560-4F4E-8F39-344538BF34BC}"
EndProject
Project("{FAE04EC0-301F-11D3-BF4B-00C04F79EFBC}") = "Median", "Problems\Median\Median.csproj", "{A6A4DC3C-E98F-4600-A930-4BE3ECEB214F}"
EndProject
Project("{FAE04EC0-301F-11D3-BF4B-00C04F79EFBC}") = "MedianDeluxe", "Problems\MedianDeluxe\MedianDeluxe.csproj", "{51597AA9-CD0A-4192-9F95-579F17E7C1D7}"
EndProject
Project("{FAE04EC0-301F-11D3-BF4B-00C04F79EFBC}") = "SetCover", "Problems\SetCover\SetCover.csproj", "{69ED8D77-EE85-428E-9D80-4E868ADAF076}"
EndProject
Project("{FAE04EC0-301F-11D3-BF4B-00C04F79EFBC}") = "SubSetSum", "Problems\SubSetSum\SubSetSum.csproj", "{B3F7B450-9388-45BB-A498-378EC291934C}"
EndProject
Project("{FAE04EC0-301F-11D3-BF4B-00C04F79EFBC}") = "VertexCover", "Problems\VertexCover\VertexCover.csproj", "{3DD296D6-1195-4539-A0CF-4BC920224D2A}"
EndProject
Project("{FAE04EC0-301F-11D3-BF4B-00C04F79EFBC}") = "3COL_TO_SAT", "Reductions\3COL_TO_SAT\3COL_TO_SAT.csproj", "{E30407A8-E7BF-4A91-ACBF-804210644157}"
EndProject
Project("{FAE04EC0-301F-11D3-BF4B-00C04F79EFBC}") = "VertexCover_TO_SAT", "Reductions\VertexCover_TO_SAT\VertexCover_TO_SAT.csproj", "{11A94BB8-3FEC-4CF4-86C0-085CC96B050E}"
EndProject
Global
	GlobalSection(SolutionConfigurationPlatforms) = preSolution
		Debug|Any CPU = Debug|Any CPU
		Release|Any CPU = Release|Any CPU
	EndGlobalSection
	GlobalSection(ProjectConfigurationPlatforms) = postSolution
		{27E25748-13CE-4482-B5D2-21BE13D15231}.Debug|Any CPU.ActiveCfg = Debug|Any CPU
		{27E25748-13CE-4482-B5D2-21BE13D15231}.Debug|Any CPU.Build.0 = Debug|Any CPU
		{27E25748-13CE-4482-B5D2-21BE13D15231}.Release|Any CPU.ActiveCfg = Release|Any CPU
		{27E25748-13CE-4482-B5D2-21BE13D15231}.Release|Any CPU.Build.0 = Release|Any CPU
		{B1239B8B-1A27-4DB8-8A66-EAC760A9E9DB}.Debug|Any CPU.ActiveCfg = Debug|Any CPU
		{B1239B8B-1A27-4DB8-8A66-EAC760A9E9DB}.Debug|Any CPU.Build.0 = Debug|Any CPU
		{B1239B8B-1A27-4DB8-8A66-EAC760A9E9DB}.Release|Any CPU.ActiveCfg = Release|Any CPU
		{B1239B8B-1A27-4DB8-8A66-EAC760A9E9DB}.Release|Any CPU.Build.0 = Release|Any CPU
		{F4CF3EA9-AC7A-40DA-A363-72E5FE9A6A27}.Debug|Any CPU.ActiveCfg = Debug|Any CPU
		{F4CF3EA9-AC7A-40DA-A363-72E5FE9A6A27}.Debug|Any CPU.Build.0 = Debug|Any CPU
		{F4CF3EA9-AC7A-40DA-A363-72E5FE9A6A27}.Release|Any CPU.ActiveCfg = Release|Any CPU
		{F4CF3EA9-AC7A-40DA-A363-72E5FE9A6A27}.Release|Any CPU.Build.0 = Release|Any CPU
		{7481C7B5-9F77-46D8-AB56-D4B119AFD815}.Debug|Any CPU.ActiveCfg = Debug|Any CPU
		{7481C7B5-9F77-46D8-AB56-D4B119AFD815}.Debug|Any CPU.Build.0 = Debug|Any CPU
		{7481C7B5-9F77-46D8-AB56-D4B119AFD815}.Release|Any CPU.ActiveCfg = Release|Any CPU
		{7481C7B5-9F77-46D8-AB56-D4B119AFD815}.Release|Any CPU.Build.0 = Release|Any CPU
		{6D77A7AC-4BC4-4F44-97AA-D0EEB7EF738F}.Debug|Any CPU.ActiveCfg = Debug|Any CPU
		{6D77A7AC-4BC4-4F44-97AA-D0EEB7EF738F}.Debug|Any CPU.Build.0 = Debug|Any CPU
		{6D77A7AC-4BC4-4F44-97AA-D0EEB7EF738F}.Release|Any CPU.ActiveCfg = Release|Any CPU
		{6D77A7AC-4BC4-4F44-97AA-D0EEB7EF738F}.Release|Any CPU.Build.0 = Release|Any CPU
		{C47BA02C-DAC8-4F96-919F-37E503DD9687}.Debug|Any CPU.ActiveCfg = Debug|Any CPU
		{C47BA02C-DAC8-4F96-919F-37E503DD9687}.Debug|Any CPU.Build.0 = Debug|Any CPU
		{C47BA02C-DAC8-4F96-919F-37E503DD9687}.Release|Any CPU.ActiveCfg = Release|Any CPU
		{C47BA02C-DAC8-4F96-919F-37E503DD9687}.Release|Any CPU.Build.0 = Release|Any CPU
		{86E09221-2F39-4688-AD41-A840A3E7B1C5}.Debug|Any CPU.ActiveCfg = Debug|Any CPU
		{86E09221-2F39-4688-AD41-A840A3E7B1C5}.Debug|Any CPU.Build.0 = Debug|Any CPU
		{86E09221-2F39-4688-AD41-A840A3E7B1C5}.Release|Any CPU.ActiveCfg = Release|Any CPU
		{86E09221-2F39-4688-AD41-A840A3E7B1C5}.Release|Any CPU.Build.0 = Release|Any CPU
		{BC015172-6001-4A07-A58C-2E54E5E3B901}.Debug|Any CPU.ActiveCfg = Debug|Any CPU
		{BC015172-6001-4A07-A58C-2E54E5E3B901}.Debug|Any CPU.Build.0 = Debug|Any CPU
		{BC015172-6001-4A07-A58C-2E54E5E3B901}.Release|Any CPU.ActiveCfg = Release|Any CPU
		{BC015172-6001-4A07-A58C-2E54E5E3B901}.Release|Any CPU.Build.0 = Release|Any CPU
		{A304920C-1560-4F4E-8F39-344538BF34BC}.Debug|Any CPU.ActiveCfg = Debug|Any CPU
		{A304920C-1560-4F4E-8F39-344538BF34BC}.Debug|Any CPU.Build.0 = Debug|Any CPU
		{A304920C-1560-4F4E-8F39-344538BF34BC}.Release|Any CPU.ActiveCfg = Release|Any CPU
		{A304920C-1560-4F4E-8F39-344538BF34BC}.Release|Any CPU.Build.0 = Release|Any CPU
		{A6A4DC3C-E98F-4600-A930-4BE3ECEB214F}.Debug|Any CPU.ActiveCfg = Debug|Any CPU
		{A6A4DC3C-E98F-4600-A930-4BE3ECEB214F}.Debug|Any CPU.Build.0 = Debug|Any CPU
		{A6A4DC3C-E98F-4600-A930-4BE3ECEB214F}.Release|Any CPU.ActiveCfg = Release|Any CPU
		{A6A4DC3C-E98F-4600-A930-4BE3ECEB214F}.Release|Any CPU.Build.0 = Release|Any CPU
		{51597AA9-CD0A-4192-9F95-579F17E7C1D7}.Debug|Any CPU.ActiveCfg = Debug|Any CPU
		{51597AA9-CD0A-4192-9F95-579F17E7C1D7}.Debug|Any CPU.Build.0 = Debug|Any CPU
		{51597AA9-CD0A-4192-9F95-579F17E7C1D7}.Release|Any CPU.ActiveCfg = Release|Any CPU
		{51597AA9-CD0A-4192-9F95-579F17E7C1D7}.Release|Any CPU.Build.0 = Release|Any CPU
		{69ED8D77-EE85-428E-9D80-4E868ADAF076}.Debug|Any CPU.ActiveCfg = Debug|Any CPU
		{69ED8D77-EE85-428E-9D80-4E868ADAF076}.Debug|Any CPU.Build.0 = Debug|Any CPU
		{69ED8D77-EE85-428E-9D80-4E868ADAF076}.Release|Any CPU.ActiveCfg = Release|Any CPU
		{69ED8D77-EE85-428E-9D80-4E868ADAF076}.Release|Any CPU.Build.0 = Release|Any CPU
		{B3F7B450-9388-45BB-A498-378EC291934C}.Debug|Any CPU.ActiveCfg = Debug|Any CPU
		{B3F7B450-9388-45BB-A498-378EC291934C}.Debug|Any CPU.Build.0 = Debug|Any CPU
		{B3F7B450-9388-45BB-A498-378EC291934C}.Release|Any CPU.ActiveCfg = Release|Any CPU
		{B3F7B450-9388-45BB-A498-378EC291934C}.Release|Any CPU.Build.0 = Release|Any CPU
		{3DD296D6-1195-4539-A0CF-4BC920224D2A}.Debug|Any CPU.ActiveCfg = Debug|Any CPU
		{3DD296D6-1195-4539-A0CF-4BC920224D2A}.Debug|Any CPU.Build.0 = Debug|Any CPU
		{3DD296D6-1195-4539-A0CF-4BC920224D2A}.Release|Any CPU.ActiveCfg = Release|Any CPU
		{3DD296D6-1195-4539-A0CF-4BC920224D2A}.Release|Any CPU.Build.0 = Release|Any CPU
		{E30407A8-E7BF-4A91-ACBF-804210644157}.Debug|Any CPU.ActiveCfg = Debug|Any CPU
		{E30407A8-E7BF-4A91-ACBF-804210644157}.Debug|Any CPU.Build.0 = Debug|Any CPU
		{E30407A8-E7BF-4A91-ACBF-804210644157}.Release|Any CPU.ActiveCfg = Release|Any CPU
		{E30407A8-E7BF-4A91-ACBF-804210644157}.Release|Any CPU.Build.0 = Release|Any CPU
		{11A94BB8-3FEC-4CF4-86C0-085CC96B050E}.Debug|Any CPU.ActiveCfg = Debug|Any CPU
		{11A94BB8-3FEC-4CF4-86C0-085CC96B050E}.Debug|Any CPU.Build.0 = Debug|Any CPU
		{11A94BB8-3FEC-4CF4-86C0-085CC96B050E}.Release|Any CPU.ActiveCfg = Release|Any CPU
		{11A94BB8-3FEC-4CF4-86C0-085CC96B050E}.Release|Any CPU.Build.0 = Release|Any CPU
	EndGlobalSection
	GlobalSection(SolutionProperties) = preSolution
		HideSolutionNode = FALSE
	EndGlobalSection
	GlobalSection(NestedProjects) = preSolution
		{27E25748-13CE-4482-B5D2-21BE13D15231} = {18494D61-D66F-4868-9D38-A06CBCEA6399}
		{B1239B8B-1A27-4DB8-8A66-EAC760A9E9DB} = {18494D61-D66F-4868-9D38-A06CBCEA6399}
		{F4CF3EA9-AC7A-40DA-A363-72E5FE9A6A27} = {0C3D85BE-ABDE-420E-A26B-FACBDC22AAB3}
		{7481C7B5-9F77-46D8-AB56-D4B119AFD815} = {0C3D85BE-ABDE-420E-A26B-FACBDC22AAB3}
		{6D77A7AC-4BC4-4F44-97AA-D0EEB7EF738F} = {0C3D85BE-ABDE-420E-A26B-FACBDC22AAB3}
		{C47BA02C-DAC8-4F96-919F-37E503DD9687} = {9BEC50E9-5221-4E25-B514-EE4FCC54DE30}
		{86E09221-2F39-4688-AD41-A840A3E7B1C5} = {9BEC50E9-5221-4E25-B514-EE4FCC54DE30}
		{BC015172-6001-4A07-A58C-2E54E5E3B901} = {9BEC50E9-5221-4E25-B514-EE4FCC54DE30}
		{A304920C-1560-4F4E-8F39-344538BF34BC} = {9BEC50E9-5221-4E25-B514-EE4FCC54DE30}
		{A6A4DC3C-E98F-4600-A930-4BE3ECEB214F} = {9BEC50E9-5221-4E25-B514-EE4FCC54DE30}
		{51597AA9-CD0A-4192-9F95-579F17E7C1D7} = {9BEC50E9-5221-4E25-B514-EE4FCC54DE30}
		{69ED8D77-EE85-428E-9D80-4E868ADAF076} = {9BEC50E9-5221-4E25-B514-EE4FCC54DE30}
		{B3F7B450-9388-45BB-A498-378EC291934C} = {9BEC50E9-5221-4E25-B514-EE4FCC54DE30}
		{3DD296D6-1195-4539-A0CF-4BC920224D2A} = {9BEC50E9-5221-4E25-B514-EE4FCC54DE30}
		{E30407A8-E7BF-4A91-ACBF-804210644157} = {D1B9159B-E64C-4048-B517-9E3D446142AC}
		{11A94BB8-3FEC-4CF4-86C0-085CC96B050E} = {D1B9159B-E64C-4048-B517-9E3D446142AC}
	EndGlobalSection
	GlobalSection(ExtensibilityGlobals) = postSolution
		SolutionGuid = {688D2F05-071C-4753-9A6A-71D9606E42CE}
	EndGlobalSection
EndGlobal
